
Microsoft Visual Studio Solution File, Format Version 12.00
# Visual Studio 2013
VisualStudioVersion = 12.0.40629.0
MinimumVisualStudioVersion = 10.0.40219.1
Project("{2150E333-8FDC-42A3-9474-1A3956D46DE8}") = "Common", "Common", "{F72925E0-4248-472A-8F0E-37F9CB88219E}"
	ProjectSection(SolutionItems) = preProject
		build.ps1 = build.ps1
		Content\Changelog.md = Content\Changelog.md
		PostfixTemplates.nuspec = PostfixTemplates.nuspec
		Readme.md = Readme.md
		Content\Todo.txt = Content\Todo.txt
	EndProjectSection
EndProject
Project("{FAE04EC0-301F-11D3-BF4B-00C04F79EFBC}") = "PostfixTemplates.R91", "PostfixTemplates\PostfixTemplates.R91.csproj", "{427FAAB8-29CB-4D09-9C46-7D5F65471525}"
EndProject
Project("{2150E333-8FDC-42A3-9474-1A3956D46DE8}") = "Tests", "Tests", "{22419BF6-6040-4310-B60D-F1CF178ED451}"
EndProject
Project("{2150E333-8FDC-42A3-9474-1A3956D46DE8}") = "Plugin", "Plugin", "{4F510FCC-BFBF-4BFD-9669-2FACD37AFA7C}"
EndProject
Project("{FAE04EC0-301F-11D3-BF4B-00C04F79EFBC}") = "PostfixTemplates.Tests.R91", "PostfixTemplates\Tests\PostfixTemplates.Tests.R91.csproj", "{03FAC09B-5DDE-4631-B165-82761D37A6FE}"
EndProject
Project("{FAE04EC0-301F-11D3-BF4B-00C04F79EFBC}") = "PostfixTemplates.R92", "PostfixTemplates\PostfixTemplates.R92.csproj", "{B85B7DAD-0147-486B-9A56-BCAC8592BCF1}"
EndProject
Project("{FAE04EC0-301F-11D3-BF4B-00C04F79EFBC}") = "PostfixTemplates.Tests.R92", "PostfixTemplates\Tests\PostfixTemplates.Tests.R92.csproj", "{E14A6C6E-5057-498F-AA2F-9F709040762F}"
EndProject
Global
	GlobalSection(SolutionConfigurationPlatforms) = preSolution
		Debug|Any CPU = Debug|Any CPU
		Release|Any CPU = Release|Any CPU
	EndGlobalSection
	GlobalSection(ProjectConfigurationPlatforms) = postSolution
		{427FAAB8-29CB-4D09-9C46-7D5F65471525}.Debug|Any CPU.ActiveCfg = Debug|Any CPU
		{427FAAB8-29CB-4D09-9C46-7D5F65471525}.Debug|Any CPU.Build.0 = Debug|Any CPU
		{427FAAB8-29CB-4D09-9C46-7D5F65471525}.Release|Any CPU.ActiveCfg = Release|Any CPU
		{427FAAB8-29CB-4D09-9C46-7D5F65471525}.Release|Any CPU.Build.0 = Release|Any CPU
		{03FAC09B-5DDE-4631-B165-82761D37A6FE}.Debug|Any CPU.ActiveCfg = Debug|Any CPU
		{03FAC09B-5DDE-4631-B165-82761D37A6FE}.Debug|Any CPU.Build.0 = Debug|Any CPU
		{03FAC09B-5DDE-4631-B165-82761D37A6FE}.Release|Any CPU.ActiveCfg = Release|Any CPU
		{03FAC09B-5DDE-4631-B165-82761D37A6FE}.Release|Any CPU.Build.0 = Release|Any CPU
		{B85B7DAD-0147-486B-9A56-BCAC8592BCF1}.Debug|Any CPU.ActiveCfg = Debug|Any CPU
		{B85B7DAD-0147-486B-9A56-BCAC8592BCF1}.Debug|Any CPU.Build.0 = Debug|Any CPU
		{B85B7DAD-0147-486B-9A56-BCAC8592BCF1}.Release|Any CPU.ActiveCfg = Release|Any CPU
		{B85B7DAD-0147-486B-9A56-BCAC8592BCF1}.Release|Any CPU.Build.0 = Release|Any CPU
		{E14A6C6E-5057-498F-AA2F-9F709040762F}.Debug|Any CPU.ActiveCfg = Debug|Any CPU
		{E14A6C6E-5057-498F-AA2F-9F709040762F}.Debug|Any CPU.Build.0 = Debug|Any CPU
		{E14A6C6E-5057-498F-AA2F-9F709040762F}.Release|Any CPU.ActiveCfg = Release|Any CPU
		{E14A6C6E-5057-498F-AA2F-9F709040762F}.Release|Any CPU.Build.0 = Release|Any CPU
	EndGlobalSection
	GlobalSection(SolutionProperties) = preSolution
		HideSolutionNode = FALSE
	EndGlobalSection
	GlobalSection(NestedProjects) = preSolution
		{427FAAB8-29CB-4D09-9C46-7D5F65471525} = {4F510FCC-BFBF-4BFD-9669-2FACD37AFA7C}
		{03FAC09B-5DDE-4631-B165-82761D37A6FE} = {22419BF6-6040-4310-B60D-F1CF178ED451}
		{B85B7DAD-0147-486B-9A56-BCAC8592BCF1} = {4F510FCC-BFBF-4BFD-9669-2FACD37AFA7C}
		{E14A6C6E-5057-498F-AA2F-9F709040762F} = {22419BF6-6040-4310-B60D-F1CF178ED451}
	EndGlobalSection
EndGlobal
